
Microsoft Visual Studio Solution File, Format Version 10.00
# Visual C++ Express 2008
Project("{8BC9CEB8-8B4A-11D0-8D11-00A0C91BC942}") = "example-static-lib", "example-static-lib\example-static-lib.vcproj", "{3D43B5A2-1BA7-496C-8EA8-9841DDE2C211}"
EndProject
Global
	GlobalSection(SolutionConfigurationPlatforms) = preSolution
		Debug|Win32 = Debug|Win32
		Release|Win32 = Release|Win32
	EndGlobalSection
	GlobalSection(ProjectConfigurationPlatforms) = postSolution
		{3D43B5A2-1BA7-496C-8EA8-9841DDE2C211}.Debug|Win32.ActiveCfg = Debug|Win32
		{3D43B5A2-1BA7-496C-8EA8-9841DDE2C211}.Debug|Win32.Build.0 = Debug|Win32
		{3D43B5A2-1BA7-496C-8EA8-9841DDE2C211}.Release|Win32.ActiveCfg = Release|Win32
		{3D43B5A2-1BA7-496C-8EA8-9841DDE2C211}.Release|Win32.Build.0 = Release|Win32
	EndGlobalSection
	GlobalSection(SolutionProperties) = preSolution
		HideSolutionNode = FALSE
	EndGlobalSection
EndGlobal
